# THIS IS AN AUTOGENERATED FILE. DO NOT EDIT THIS FILE DIRECTLY.
# yarn lockfile v1


"@majesticfudgie/pointer-buffer@^1.0.1":
  version "1.0.1"
  resolved "https://registry.yarnpkg.com/@majesticfudgie/pointer-buffer/-/pointer-buffer-1.0.1.tgz#3786ab27879704e65d4244b7b99bba54275e58e4"
  integrity sha512-yWpoCC8fTZv2bopY9jh59EmFDkZMHUktGVFGPdCMe2q1bgIslU3C9OOd3qQIM3sF8VMnK1rQlJHleq0XDiCU/A==

"@types/node@^20.14.11":
  version "20.14.13"
  resolved "https://registry.yarnpkg.com/@types/node/-/node-20.14.13.tgz#bf4fe8959ae1c43bc284de78bd6c01730933736b"
  integrity sha512-+bHoGiZb8UiQ0+WEtmph2IWQCjIqg8MDZMAV+ppRRhUZnquF5mQkP/9vpSwJClEiSM/C7fZZExPzfU0vJTyp8w==
  dependencies:
    undici-types "~5.26.4"

typescript@^5.5.4:
  version "5.5.4"
  resolved "https://registry.yarnpkg.com/typescript/-/typescript-5.5.4.tgz#d9852d6c82bad2d2eda4fd74a5762a8f5909e9ba"
  integrity sha512-Mtq29sKDAEYP7aljRgtPOpTvOfbwRWlS6dPRzwjdE+C0R4brX/GUyhHSecbHMFLNBLcJIPt9nl9yG5TZ1weH+Q==

undici-types@~5.26.4:
  version "5.26.5"
  resolved "https://registry.yarnpkg.com/undici-types/-/undici-types-5.26.5.tgz#bcd539893d00b56e964fd2657a4866b221a65617"
  integrity sha512-JlCMO+ehdEIKqlFxk6IfVoAUVmgz7cU7zD/h9XZ0qzeosSHmUJVOzSQvvYSYWXkFXC+IfLKSIffhv0sVZup6pA==
